
Microsoft Visual Studio Solution File, Format Version 12.00
# Visual Studio 15
VisualStudioVersion = 15.0.28307.489
MinimumVisualStudioVersion = 10.0.40219.1
Project("{FAE04EC0-301F-11D3-BF4B-00C04F79EFBC}") = "MichaelBrandonMorris.Repositories", "MichaelBrandonMorris.Repositories\MichaelBrandonMorris.Repositories.csproj", "{BADF0842-8EAF-472A-B1AE-3B6EA7459867}"
EndProject
Project("{FAE04EC0-301F-11D3-BF4B-00C04F79EFBC}") = "MichaelBrandonMorris.Repositories.Sql", "MichaelBrandonMorris.Repositories.Sql\MichaelBrandonMorris.Repositories.Sql.csproj", "{46CC8289-41B8-4676-9DB7-7454D942EC8A}"
EndProject
Project("{FAE04EC0-301F-11D3-BF4B-00C04F79EFBC}") = "MichaelBrandonMorris.Repositories.Configuration", "MichaelBrandonMorris.Repositories.Configuration\MichaelBrandonMorris.Repositories.Configuration.csproj", "{71427551-7DDD-409B-9BDB-78F6F7958A6B}"
EndProject
Global
	GlobalSection(SolutionConfigurationPlatforms) = preSolution
		Debug|Any CPU = Debug|Any CPU
		Release|Any CPU = Release|Any CPU
	EndGlobalSection
	GlobalSection(ProjectConfigurationPlatforms) = postSolution
		{BADF0842-8EAF-472A-B1AE-3B6EA7459867}.Debug|Any CPU.ActiveCfg = Debug|Any CPU
		{BADF0842-8EAF-472A-B1AE-3B6EA7459867}.Debug|Any CPU.Build.0 = Debug|Any CPU
		{BADF0842-8EAF-472A-B1AE-3B6EA7459867}.Release|Any CPU.ActiveCfg = Release|Any CPU
		{BADF0842-8EAF-472A-B1AE-3B6EA7459867}.Release|Any CPU.Build.0 = Release|Any CPU
		{46CC8289-41B8-4676-9DB7-7454D942EC8A}.Debug|Any CPU.ActiveCfg = Debug|Any CPU
		{46CC8289-41B8-4676-9DB7-7454D942EC8A}.Debug|Any CPU.Build.0 = Debug|Any CPU
		{46CC8289-41B8-4676-9DB7-7454D942EC8A}.Release|Any CPU.ActiveCfg = Release|Any CPU
		{46CC8289-41B8-4676-9DB7-7454D942EC8A}.Release|Any CPU.Build.0 = Release|Any CPU
		{71427551-7DDD-409B-9BDB-78F6F7958A6B}.Debug|Any CPU.ActiveCfg = Debug|Any CPU
		{71427551-7DDD-409B-9BDB-78F6F7958A6B}.Debug|Any CPU.Build.0 = Debug|Any CPU
		{71427551-7DDD-409B-9BDB-78F6F7958A6B}.Release|Any CPU.ActiveCfg = Release|Any CPU
		{71427551-7DDD-409B-9BDB-78F6F7958A6B}.Release|Any CPU.Build.0 = Release|Any CPU
	EndGlobalSection
	GlobalSection(SolutionProperties) = preSolution
		HideSolutionNode = FALSE
	EndGlobalSection
	GlobalSection(ExtensibilityGlobals) = postSolution
		SolutionGuid = {7AE30289-50E2-469E-B484-4726E1A7F2F5}
	EndGlobalSection
EndGlobal
